
Microsoft Visual Studio Solution File, Format Version 12.00
# Visual Studio 15
VisualStudioVersion = 15.0.27130.2036
MinimumVisualStudioVersion = 10.0.40219.1
Project("{FAE04EC0-301F-11D3-BF4B-00C04F79EFBC}") = "ASPNet", "ASPNet\ASPNet.csproj", "{9A39E419-43E5-4CF4-ACE2-222E62696FF9}"
EndProject
Project("{FAE04EC0-301F-11D3-BF4B-00C04F79EFBC}") = "ASPNet.Core", "ASPNet.Core\ASPNet.Core.csproj", "{0B4173F9-22ED-4849-8D35-562B047BBDB7}"
EndProject
Global
	GlobalSection(SolutionConfigurationPlatforms) = preSolution
		Debug|Any CPU = Debug|Any CPU
		Release|Any CPU = Release|Any CPU
	EndGlobalSection
	GlobalSection(ProjectConfigurationPlatforms) = postSolution
		{9A39E419-43E5-4CF4-ACE2-222E62696FF9}.Debug|Any CPU.ActiveCfg = Debug|Any CPU
		{9A39E419-43E5-4CF4-ACE2-222E62696FF9}.Debug|Any CPU.Build.0 = Debug|Any CPU
		{9A39E419-43E5-4CF4-ACE2-222E62696FF9}.Release|Any CPU.ActiveCfg = Release|Any CPU
		{9A39E419-43E5-4CF4-ACE2-222E62696FF9}.Release|Any CPU.Build.0 = Release|Any CPU
		{0B4173F9-22ED-4849-8D35-562B047BBDB7}.Debug|Any CPU.ActiveCfg = Debug|Any CPU
		{0B4173F9-22ED-4849-8D35-562B047BBDB7}.Debug|Any CPU.Build.0 = Debug|Any CPU
		{0B4173F9-22ED-4849-8D35-562B047BBDB7}.Release|Any CPU.ActiveCfg = Release|Any CPU
		{0B4173F9-22ED-4849-8D35-562B047BBDB7}.Release|Any CPU.Build.0 = Release|Any CPU
	EndGlobalSection
	GlobalSection(SolutionProperties) = preSolution
		HideSolutionNode = FALSE
	EndGlobalSection
	GlobalSection(ExtensibilityGlobals) = postSolution
		SolutionGuid = {E4DE05E8-BEE9-4381-9C16-3B79B938C30A}
	EndGlobalSection
EndGlobal
