
Microsoft Visual Studio Solution File, Format Version 12.00
# Visual Studio 15
VisualStudioVersion = 15.0.27130.2024
MinimumVisualStudioVersion = 10.0.40219.1
Project("{FAE04EC0-301F-11D3-BF4B-00C04F79EFBC}") = "MikaMusicStudio2", "MikaMusicStudio2\MikaMusicStudio2.csproj", "{744B64F9-5729-4C26-9C2F-5FF01B2696E2}"
EndProject
Global
	GlobalSection(SolutionConfigurationPlatforms) = preSolution
		Debug|Any CPU = Debug|Any CPU
		Release|Any CPU = Release|Any CPU
	EndGlobalSection
	GlobalSection(ProjectConfigurationPlatforms) = postSolution
		{744B64F9-5729-4C26-9C2F-5FF01B2696E2}.Debug|Any CPU.ActiveCfg = Debug|Any CPU
		{744B64F9-5729-4C26-9C2F-5FF01B2696E2}.Debug|Any CPU.Build.0 = Debug|Any CPU
		{744B64F9-5729-4C26-9C2F-5FF01B2696E2}.Release|Any CPU.ActiveCfg = Release|Any CPU
		{744B64F9-5729-4C26-9C2F-5FF01B2696E2}.Release|Any CPU.Build.0 = Release|Any CPU
	EndGlobalSection
	GlobalSection(SolutionProperties) = preSolution
		HideSolutionNode = FALSE
	EndGlobalSection
	GlobalSection(ExtensibilityGlobals) = postSolution
		SolutionGuid = {A4834C1D-EC60-4F10-822A-E8E8CE4EBEA9}
	EndGlobalSection
EndGlobal
